
Microsoft Visual Studio Solution File, Format Version 12.00
# Visual Studio Version 17
VisualStudioVersion = 17.13.35913.81 d17.13
MinimumVisualStudioVersion = 10.0.40219.1
Project("{FAE04EC0-301F-11D3-BF4B-00C04F79EFBC}") = "Mandelbrot", "Mandelbrot\Mandelbrot.csproj", "{FFC9E484-71D1-4B32-9157-3D00B9AF6068}"
EndProject
Global
	GlobalSection(SolutionConfigurationPlatforms) = preSolution
		Debug|Any CPU = Debug|Any CPU
		Release|Any CPU = Release|Any CPU
	EndGlobalSection
	GlobalSection(ProjectConfigurationPlatforms) = postSolution
		{FFC9E484-71D1-4B32-9157-3D00B9AF6068}.Debug|Any CPU.ActiveCfg = Debug|Any CPU
		{FFC9E484-71D1-4B32-9157-3D00B9AF6068}.Debug|Any CPU.Build.0 = Debug|Any CPU
		{FFC9E484-71D1-4B32-9157-3D00B9AF6068}.Release|Any CPU.ActiveCfg = Release|Any CPU
		{FFC9E484-71D1-4B32-9157-3D00B9AF6068}.Release|Any CPU.Build.0 = Release|Any CPU
	EndGlobalSection
	GlobalSection(SolutionProperties) = preSolution
		HideSolutionNode = FALSE
	EndGlobalSection
	GlobalSection(ExtensibilityGlobals) = postSolution
		SolutionGuid = {B64A0A96-99E2-4489-8F1F-E191C6796896}
	EndGlobalSection
EndGlobal
